
Microsoft Visual Studio Solution File, Format Version 12.00
# Visual Studio Version 17
VisualStudioVersion = 17.8.34330.188
MinimumVisualStudioVersion = 10.0.40219.1
Project("{9A19103F-16F7-4668-BE54-9A1E7A4F7556}") = "WeatherApi", "src\WeatherApi\WeatherApi.csproj", "{FB5B9833-4F96-48A4-8A54-046A1AB7DB17}"
EndProject
Project("{9A19103F-16F7-4668-BE54-9A1E7A4F7556}") = "WeatherApi.Client", "src\WeatherApi.Client\WeatherApi.Client.csproj", "{40DA30E5-0772-4130-ACFE-C15E7E5781D0}"
EndProject
Project("{FAE04EC0-301F-11D3-BF4B-00C04F79EFBC}") = "WeatherApi.Tests", "src\WeatherApi.Tests\WeatherApi.Tests.csproj", "{3C97861C-8CD2-4316-BEE1-CD7F77F75F21}"
EndProject
Global
	GlobalSection(SolutionConfigurationPlatforms) = preSolution
		Debug|Any CPU = Debug|Any CPU
		Release|Any CPU = Release|Any CPU
	EndGlobalSection
	GlobalSection(ProjectConfigurationPlatforms) = postSolution
		{FB5B9833-4F96-48A4-8A54-046A1AB7DB17}.Debug|Any CPU.ActiveCfg = Debug|Any CPU
		{FB5B9833-4F96-48A4-8A54-046A1AB7DB17}.Debug|Any CPU.Build.0 = Debug|Any CPU
		{FB5B9833-4F96-48A4-8A54-046A1AB7DB17}.Release|Any CPU.ActiveCfg = Release|Any CPU
		{FB5B9833-4F96-48A4-8A54-046A1AB7DB17}.Release|Any CPU.Build.0 = Release|Any CPU
		{40DA30E5-0772-4130-ACFE-C15E7E5781D0}.Debug|Any CPU.ActiveCfg = Debug|Any CPU
		{40DA30E5-0772-4130-ACFE-C15E7E5781D0}.Debug|Any CPU.Build.0 = Debug|Any CPU
		{40DA30E5-0772-4130-ACFE-C15E7E5781D0}.Release|Any CPU.ActiveCfg = Release|Any CPU
		{40DA30E5-0772-4130-ACFE-C15E7E5781D0}.Release|Any CPU.Build.0 = Release|Any CPU
		{3C97861C-8CD2-4316-BEE1-CD7F77F75F21}.Debug|Any CPU.ActiveCfg = Debug|Any CPU
		{3C97861C-8CD2-4316-BEE1-CD7F77F75F21}.Debug|Any CPU.Build.0 = Debug|Any CPU
		{3C97861C-8CD2-4316-BEE1-CD7F77F75F21}.Release|Any CPU.ActiveCfg = Release|Any CPU
		{3C97861C-8CD2-4316-BEE1-CD7F77F75F21}.Release|Any CPU.Build.0 = Release|Any CPU
	EndGlobalSection
	GlobalSection(SolutionProperties) = preSolution
		HideSolutionNode = FALSE
	EndGlobalSection
	GlobalSection(ExtensibilityGlobals) = postSolution
		SolutionGuid = {77A594DF-878A-4F2A-8E1F-A76C8B4A5CA3}
	EndGlobalSection
EndGlobal
